{
  "name": "@learn/paper-core",
  "version": "0.1.0",
  "lockfileVersion": 3,
  "requires": true,
  "packages": {
    "": {
      "name": "@learn/paper-core",
      "version": "0.1.0",
      "dependencies": {
        "unicode-segmenter": "0.17.3"
      },
      "devDependencies": {
        "typescript": "^5.9.3"
      }
    },
    "node_modules/typescript": {
      "version": "5.9.3",
      "resolved": "https://registry.npmjs.org/typescript/-/typescript-5.9.3.tgz",
      "integrity": "sha512-jl1vZzPDinLr9eUt3J/t7V6FgNEw9QjvBPdysz9KfQDD41fQrC2Y4vKQdiaUpFT4bXlb1RHhLpp8wtm6M5TgSw==",
      "dev": true,
      "license": "Apache-2.0",
      "bin": {
        "tsc": "bin/tsc",
        "tsserver": "bin/tsserver"
      },
      "engines": {
        "node": ">=14.17"
      }
    },
    "node_modules/unicode-segmenter": {
      "version": "0.17.3",
      "resolved": "https://registry.npmjs.org/unicode-segmenter/-/unicode-segmenter-0.17.3.tgz",
      "integrity": "sha512-hKZwqBjJDmqNrq1+LjDxck1qLzJFcLLJM2Xq92ORRHOuau6GSHeELmn+uyk6zNH1CK9mogrUJGP9WJCJUQXMAw==",
      "license": "MIT"
    }
  }
}
