{
  "name": "@learn/cloud-service",
  "version": "0.1.0",
  "lockfileVersion": 3,
  "requires": true,
  "packages": {
    "": {
      "name": "@learn/cloud-service",
      "version": "0.1.0",
      "dependencies": {
        "@learn/cloud-runtime": "file:../cloud-runtime",
        "@learn/paper-core": "file:../paper-core"
      },
      "devDependencies": {
        "typescript": "^5.9.3"
      }
    },
    "../cloud-runtime": {
      "name": "@learn/cloud-runtime",
      "version": "0.1.0",
      "devDependencies": {
        "typescript": "^5.9.3"
      }
    },
    "../paper-core": {
      "name": "@learn/paper-core",
      "version": "0.1.0",
      "dependencies": {
        "unicode-segmenter": "0.17.3"
      },
      "devDependencies": {
        "typescript": "^5.9.3"
      }
    },
    "node_modules/@learn/cloud-runtime": {
      "resolved": "../cloud-runtime",
      "link": true
    },
    "node_modules/@learn/paper-core": {
      "resolved": "../paper-core",
      "link": true
    },
    "node_modules/typescript": {
      "version": "5.9.3",
      "resolved": "https://registry.npmjs.org/typescript/-/typescript-5.9.3.tgz",
      "integrity": "sha512-jl1vZzPDinLr9eUt3J/t7V6FgNEw9QjvBPdysz9KfQDD41fQrC2Y4vKQdiaUpFT4bXlb1RHhLpp8wtm6M5TgSw==",
      "dev": true,
      "license": "Apache-2.0",
      "bin": {
        "tsc": "bin/tsc",
        "tsserver": "bin/tsserver"
      },
      "engines": {
        "node": ">=14.17"
      }
    }
  }
}
